// !$*UTF8*$!
{
	archiveVersion = 1;
	classes = {
	};
	objectVersion = 46;
	objects = {

/* Begin PBXBuildFile section */
		6009EC65178697B8006AF8B5 /* UIKit.framework in Frameworks */ = {isa = PBXBuildFile; fileRef = 6009EC64178697B8006AF8B5 /* UIKit.framework */; };
		6009EC67178697B8006AF8B5 /* Foundation.framework in Frameworks */ = {isa = PBXBuildFile; fileRef = 6009EC66178697B8006AF8B5 /* Foundation.framework */; };
		6009EC69178697B8006AF8B5 /* CoreGraphics.framework in Frameworks */ = {isa = PBXBuildFile; fileRef = 6009EC68178697B8006AF8B5 /* CoreGraphics.framework */; };
		6009EC6F178697B8006AF8B5 /* InfoPlist.strings in Resources */ = {isa = PBXBuildFile; fileRef = 6009EC6D178697B8006AF8B5 /* InfoPlist.strings */; };
		6009EC71178697B8006AF8B5 /* main.m in Sources */ = {isa = PBXBuildFile; fileRef = 6009EC70178697B8006AF8B5 /* main.m */; };
		6009EC75178697B8006AF8B5 /* ExpandTableDemoAppDelegate.m in Sources */ = {isa = PBXBuildFile; fileRef = 6009EC74178697B8006AF8B5 /* ExpandTableDemoAppDelegate.m */; };
		6009EC77178697B8006AF8B5 /* Default.png in Resources */ = {isa = PBXBuildFile; fileRef = 6009EC76178697B8006AF8B5 /* Default.png */; };
		6009EC79178697B8006AF8B5 /* Default@2x.png in Resources */ = {isa = PBXBuildFile; fileRef = 6009EC78178697B8006AF8B5 /* Default@2x.png */; };
		6009EC7B178697B8006AF8B5 /* Default-568h@2x.png in Resources */ = {isa = PBXBuildFile; fileRef = 6009EC7A178697B8006AF8B5 /* Default-568h@2x.png */; };
		6009EC84178697DE006AF8B5 /* RootViewController.m in Sources */ = {isa = PBXBuildFile; fileRef = 6009EC82178697DE006AF8B5 /* RootViewController.m */; };
		6009EC85178697DE006AF8B5 /* RootViewController.xib in Resources */ = {isa = PBXBuildFile; fileRef = 6009EC83178697DE006AF8B5 /* RootViewController.xib */; };
		6009EC921786B0C8006AF8B5 /* listbg_even_ico.png in Resources */ = {isa = PBXBuildFile; fileRef = 6009EC8E1786B0C8006AF8B5 /* listbg_even_ico.png */; };
		6009EC931786B0C8006AF8B5 /* listbg_even_ico@2x.png in Resources */ = {isa = PBXBuildFile; fileRef = 6009EC8F1786B0C8006AF8B5 /* listbg_even_ico@2x.png */; };
		6009EC941786B0C8006AF8B5 /* listbg_odd_ico.png in Resources */ = {isa = PBXBuildFile; fileRef = 6009EC901786B0C8006AF8B5 /* listbg_odd_ico.png */; };
		6009EC951786B0C8006AF8B5 /* listbg_odd_ico@2x.png in Resources */ = {isa = PBXBuildFile; fileRef = 6009EC911786B0C8006AF8B5 /* listbg_odd_ico@2x.png */; };
/* End PBXBuildFile section */

/* Begin PBXFileReference section */
		6009EC61178697B8006AF8B5 /* ExpandTableDemo.app */ = {isa = PBXFileReference; explicitFileType = wrapper.application; includeInIndex = 0; path = ExpandTableDemo.app; sourceTree = BUILT_PRODUCTS_DIR; };
		6009EC64178697B8006AF8B5 /* UIKit.framework */ = {isa = PBXFileReference; lastKnownFileType = wrapper.framework; name = UIKit.framework; path = System/Library/Frameworks/UIKit.framework; sourceTree = SDKROOT; };
		6009EC66178697B8006AF8B5 /* Foundation.framework */ = {isa = PBXFileReference; lastKnownFileType = wrapper.framework; name = Foundation.framework; path = System/Library/Frameworks/Foundation.framework; sourceTree = SDKROOT; };
		6009EC68178697B8006AF8B5 /* CoreGraphics.framework */ = {isa = PBXFileReference; lastKnownFileType = wrapper.framework; name = CoreGraphics.framework; path = System/Library/Frameworks/CoreGraphics.framework; sourceTree = SDKROOT; };
		6009EC6C178697B8006AF8B5 /* ExpandTableDemo-Info.plist */ = {isa = PBXFileReference; lastKnownFileType = text.plist.xml; path = "ExpandTableDemo-Info.plist"; sourceTree = "<group>"; };
		6009EC6E178697B8006AF8B5 /* en */ = {isa = PBXFileReference; lastKnownFileType = text.plist.strings; name = en; path = en.lproj/InfoPlist.strings; sourceTree = "<group>"; };
		6009EC70178697B8006AF8B5 /* main.m */ = {isa = PBXFileReference; lastKnownFileType = sourcecode.c.objc; path = main.m; sourceTree = "<group>"; };
		6009EC72178697B8006AF8B5 /* ExpandTableDemo-Prefix.pch */ = {isa = PBXFileReference; lastKnownFileType = sourcecode.c.h; path = "ExpandTableDemo-Prefix.pch"; sourceTree = "<group>"; };
		6009EC73178697B8006AF8B5 /* ExpandTableDemoAppDelegate.h */ = {isa = PBXFileReference; lastKnownFileType = sourcecode.c.h; path = ExpandTableDemoAppDelegate.h; sourceTree = "<group>"; };
		6009EC74178697B8006AF8B5 /* ExpandTableDemoAppDelegate.m */ = {isa = PBXFileReference; lastKnownFileType = sourcecode.c.objc; path = ExpandTableDemoAppDelegate.m; sourceTree = "<group>"; };
		6009EC76178697B8006AF8B5 /* Default.png */ = {isa = PBXFileReference; lastKnownFileType = image.png; path = Default.png; sourceTree = "<group>"; };
		6009EC78178697B8006AF8B5 /* Default@2x.png */ = {isa = PBXFileReference; lastKnownFileType = image.png; path = "Default@2x.png"; sourceTree = "<group>"; };
		6009EC7A178697B8006AF8B5 /* Default-568h@2x.png */ = {isa = PBXFileReference; lastKnownFileType = image.png; path = "Default-568h@2x.png"; sourceTree = "<group>"; };
		6009EC81178697DE006AF8B5 /* RootViewController.h */ = {isa = PBXFileReference; fileEncoding = 4; lastKnownFileType = sourcecode.c.h; path = RootViewController.h; sourceTree = "<group>"; };
		6009EC82178697DE006AF8B5 /* RootViewController.m */ = {isa = PBXFileReference; fileEncoding = 4; lastKnownFileType = sourcecode.c.objc; path = RootViewController.m; sourceTree = "<group>"; };
		6009EC83178697DE006AF8B5 /* RootViewController.xib */ = {isa = PBXFileReference; fileEncoding = 4; lastKnownFileType = file.xib; path = RootViewController.xib; sourceTree = "<group>"; };
		6009EC8E1786B0C8006AF8B5 /* listbg_even_ico.png */ = {isa = PBXFileReference; lastKnownFileType = image.png; path = listbg_even_ico.png; sourceTree = "<group>"; };
		6009EC8F1786B0C8006AF8B5 /* listbg_even_ico@2x.png */ = {isa = PBXFileReference; lastKnownFileType = image.png; path = "listbg_even_ico@2x.png"; sourceTree = "<group>"; };
		6009EC901786B0C8006AF8B5 /* listbg_odd_ico.png */ = {isa = PBXFileReference; lastKnownFileType = image.png; path = listbg_odd_ico.png; sourceTree = "<group>"; };
		6009EC911786B0C8006AF8B5 /* listbg_odd_ico@2x.png */ = {isa = PBXFileReference; lastKnownFileType = image.png; path = "listbg_odd_ico@2x.png"; sourceTree = "<group>"; };
/* End PBXFileReference section */

/* Begin PBXFrameworksBuildPhase section */
		6009EC5E178697B8006AF8B5 /* Frameworks */ = {
			isa = PBXFrameworksBuildPhase;
			buildActionMask = 2147483647;
			files = (
				6009EC65178697B8006AF8B5 /* UIKit.framework in Frameworks */,
				6009EC67178697B8006AF8B5 /* Foundation.framework in Frameworks */,
				6009EC69178697B8006AF8B5 /* CoreGraphics.framework in Frameworks */,
			);
			runOnlyForDeploymentPostprocessing = 0;
		};
/* End PBXFrameworksBuildPhase section */

/* Begin PBXGroup section */
		6009EC58178697B8006AF8B5 = {
			isa = PBXGroup;
			children = (
				6009EC6A178697B8006AF8B5 /* ExpandTableDemo */,
				6009EC63178697B8006AF8B5 /* Frameworks */,
				6009EC62178697B8006AF8B5 /* Products */,
			);
			sourceTree = "<group>";
		};
		6009EC62178697B8006AF8B5 /* Products */ = {
			isa = PBXGroup;
			children = (
				6009EC61178697B8006AF8B5 /* ExpandTableDemo.app */,
			);
			name = Products;
			sourceTree = "<group>";
		};
		6009EC63178697B8006AF8B5 /* Frameworks */ = {
			isa = PBXGroup;
			children = (
				6009EC64178697B8006AF8B5 /* UIKit.framework */,
				6009EC66178697B8006AF8B5 /* Foundation.framework */,
				6009EC68178697B8006AF8B5 /* CoreGraphics.framework */,
			);
			name = Frameworks;
			sourceTree = "<group>";
		};
		6009EC6A178697B8006AF8B5 /* ExpandTableDemo */ = {
			isa = PBXGroup;
			children = (
				6009EC8E1786B0C8006AF8B5 /* listbg_even_ico.png */,
				6009EC8F1786B0C8006AF8B5 /* listbg_even_ico@2x.png */,
				6009EC901786B0C8006AF8B5 /* listbg_odd_ico.png */,
				6009EC911786B0C8006AF8B5 /* listbg_odd_ico@2x.png */,
				6009EC73178697B8006AF8B5 /* ExpandTableDemoAppDelegate.h */,
				6009EC74178697B8006AF8B5 /* ExpandTableDemoAppDelegate.m */,
				6009EC6B178697B8006AF8B5 /* Supporting Files */,
				6009EC81178697DE006AF8B5 /* RootViewController.h */,
				6009EC82178697DE006AF8B5 /* RootViewController.m */,
				6009EC83178697DE006AF8B5 /* RootViewController.xib */,
			);
			path = ExpandTableDemo;
			sourceTree = "<group>";
		};
		6009EC6B178697B8006AF8B5 /* Supporting Files */ = {
			isa = PBXGroup;
			children = (
				6009EC6C178697B8006AF8B5 /* ExpandTableDemo-Info.plist */,
				6009EC6D178697B8006AF8B5 /* InfoPlist.strings */,
				6009EC70178697B8006AF8B5 /* main.m */,
				6009EC72178697B8006AF8B5 /* ExpandTableDemo-Prefix.pch */,
				6009EC76178697B8006AF8B5 /* Default.png */,
				6009EC78178697B8006AF8B5 /* Default@2x.png */,
				6009EC7A178697B8006AF8B5 /* Default-568h@2x.png */,
			);
			name = "Supporting Files";
			sourceTree = "<group>";
		};
/* End PBXGroup section */

/* Begin PBXNativeTarget section */
		6009EC60178697B8006AF8B5 /* ExpandTableDemo */ = {
			isa = PBXNativeTarget;
			buildConfigurationList = 6009EC7E178697B8006AF8B5 /* Build configuration list for PBXNativeTarget "ExpandTableDemo" */;
			buildPhases = (
				6009EC5D178697B8006AF8B5 /* Sources */,
				6009EC5E178697B8006AF8B5 /* Frameworks */,
				6009EC5F178697B8006AF8B5 /* Resources */,
			);
			buildRules = (
			);
			dependencies = (
			);
			name = ExpandTableDemo;
			productName = ExpandTableDemo;
			productReference = 6009EC61178697B8006AF8B5 /* ExpandTableDemo.app */;
			productType = "com.apple.product-type.application";
		};
/* End PBXNativeTarget section */

/* Begin PBXProject section */
		6009EC59178697B8006AF8B5 /* Project object */ = {
			isa = PBXProject;
			attributes = {
				CLASSPREFIX = ExpandTableDemo;
				LastUpgradeCheck = 0460;
				ORGANIZATIONNAME = yonyou;
			};
			buildConfigurationList = 6009EC5C178697B8006AF8B5 /* Build configuration list for PBXProject "ExpandTableDemo" */;
			compatibilityVersion = "Xcode 3.2";
			developmentRegion = English;
			hasScannedForEncodings = 0;
			knownRegions = (
				en,
			);
			mainGroup = 6009EC58178697B8006AF8B5;
			productRefGroup = 6009EC62178697B8006AF8B5 /* Products */;
			projectDirPath = "";
			projectRoot = "";
			targets = (
				6009EC60178697B8006AF8B5 /* ExpandTableDemo */,
			);
		};
/* End PBXProject section */

/* Begin PBXResourcesBuildPhase section */
		6009EC5F178697B8006AF8B5 /* Resources */ = {
			isa = PBXResourcesBuildPhase;
			buildActionMask = 2147483647;
			files = (
				6009EC6F178697B8006AF8B5 /* InfoPlist.strings in Resources */,
				6009EC77178697B8006AF8B5 /* Default.png in Resources */,
				6009EC79178697B8006AF8B5 /* Default@2x.png in Resources */,
				6009EC7B178697B8006AF8B5 /* Default-568h@2x.png in Resources */,
				6009EC85178697DE006AF8B5 /* RootViewController.xib in Resources */,
				6009EC921786B0C8006AF8B5 /* listbg_even_ico.png in Resources */,
				6009EC931786B0C8006AF8B5 /* listbg_even_ico@2x.png in Resources */,
				6009EC941786B0C8006AF8B5 /* listbg_odd_ico.png in Resources */,
				6009EC951786B0C8006AF8B5 /* listbg_odd_ico@2x.png in Resources */,
			);
			runOnlyForDeploymentPostprocessing = 0;
		};
/* End PBXResourcesBuildPhase section */

/* Begin PBXSourcesBuildPhase section */
		6009EC5D178697B8006AF8B5 /* Sources */ = {
			isa = PBXSourcesBuildPhase;
			buildActionMask = 2147483647;
			files = (
				6009EC71178697B8006AF8B5 /* main.m in Sources */,
				6009EC75178697B8006AF8B5 /* ExpandTableDemoAppDelegate.m in Sources */,
				6009EC84178697DE006AF8B5 /* RootViewController.m in Sources */,
			);
			runOnlyForDeploymentPostprocessing = 0;
		};
/* End PBXSourcesBuildPhase section */

/* Begin PBXVariantGroup section */
		6009EC6D178697B8006AF8B5 /* InfoPlist.strings */ = {
			isa = PBXVariantGroup;
			children = (
				6009EC6E178697B8006AF8B5 /* en */,
			);
			name = InfoPlist.strings;
			sourceTree = "<group>";
		};
/* End PBXVariantGroup section */

/* Begin XCBuildConfiguration section */
		6009EC7C178697B8006AF8B5 /* Debug */ = {
			isa = XCBuildConfiguration;
			buildSettings = {
				ALWAYS_SEARCH_USER_PATHS = NO;
				CLANG_CXX_LANGUAGE_STANDARD = "gnu++0x";
				CLANG_CXX_LIBRARY = "libc++";
				CLANG_WARN_CONSTANT_CONVERSION = YES;
				CLANG_WARN_EMPTY_BODY = YES;
				CLANG_WARN_ENUM_CONVERSION = YES;
				CLANG_WARN_INT_CONVERSION = YES;
				CLANG_WARN__DUPLICATE_METHOD_MATCH = YES;
				"CODE_SIGN_IDENTITY[sdk=iphoneos*]" = "iPhone Developer";
				COPY_PHASE_STRIP = NO;
				GCC_C_LANGUAGE_STANDARD = gnu99;
				GCC_DYNAMIC_NO_PIC = NO;
				GCC_OPTIMIZATION_LEVEL = 0;
				GCC_PREPROCESSOR_DEFINITIONS = (
					"DEBUG=1",
					"$(inherited)",
				);
				GCC_SYMBOLS_PRIVATE_EXTERN = NO;
				GCC_WARN_ABOUT_RETURN_TYPE = YES;
				GCC_WARN_UNINITIALIZED_AUTOS = YES;
				GCC_WARN_UNUSED_VARIABLE = YES;
				IPHONEOS_DEPLOYMENT_TARGET = 6.1;
				ONLY_ACTIVE_ARCH = YES;
				SDKROOT = iphoneos;
			};
			name = Debug;
		};
		6009EC7D178697B8006AF8B5 /* Release */ = {
			isa = XCBuildConfiguration;
			buildSettings = {
				ALWAYS_SEARCH_USER_PATHS = NO;
				CLANG_CXX_LANGUAGE_STANDARD = "gnu++0x";
				CLANG_CXX_LIBRARY = "libc++";
				CLANG_WARN_CONSTANT_CONVERSION = YES;
				CLANG_WARN_EMPTY_BODY = YES;
				CLANG_WARN_ENUM_CONVERSION = YES;
				CLANG_WARN_INT_CONVERSION = YES;
				CLANG_WARN__DUPLICATE_METHOD_MATCH = YES;
				"CODE_SIGN_IDENTITY[sdk=iphoneos*]" = "iPhone Developer";
				COPY_PHASE_STRIP = YES;
				GCC_C_LANGUAGE_STANDARD = gnu99;
				GCC_WARN_ABOUT_RETURN_TYPE = YES;
				GCC_WARN_UNINITIALIZED_AUTOS = YES;
				GCC_WARN_UNUSED_VARIABLE = YES;
				IPHONEOS_DEPLOYMENT_TARGET = 6.1;
				OTHER_CFLAGS = "-DNS_BLOCK_ASSERTIONS=1";
				SDKROOT = iphoneos;
				VALIDATE_PRODUCT = YES;
			};
			name = Release;
		};
		6009EC7F178697B8006AF8B5 /* Debug */ = {
			isa = XCBuildConfiguration;
			buildSettings = {
				GCC_PRECOMPILE_PREFIX_HEADER = YES;
				GCC_PREFIX_HEADER = "ExpandTableDemo/ExpandTableDemo-Prefix.pch";
				INFOPLIST_FILE = "ExpandTableDemo/ExpandTableDemo-Info.plist";
				PRODUCT_NAME = "$(TARGET_NAME)";
				WRAPPER_EXTENSION = app;
			};
			name = Debug;
		};
		6009EC80178697B8006AF8B5 /* Release */ = {
			isa = XCBuildConfiguration;
			buildSettings = {
				GCC_PRECOMPILE_PREFIX_HEADER = YES;
				GCC_PREFIX_HEADER = "ExpandTableDemo/ExpandTableDemo-Prefix.pch";
				INFOPLIST_FILE = "ExpandTableDemo/ExpandTableDemo-Info.plist";
				PRODUCT_NAME = "$(TARGET_NAME)";
				WRAPPER_EXTENSION = app;
			};
			name = Release;
		};
/* End XCBuildConfiguration section */

/* Begin XCConfigurationList section */
		6009EC5C178697B8006AF8B5 /* Build configuration list for PBXProject "ExpandTableDemo" */ = {
			isa = XCConfigurationList;
			buildConfigurations = (
				6009EC7C178697B8006AF8B5 /* Debug */,
				6009EC7D178697B8006AF8B5 /* Release */,
			);
			defaultConfigurationIsVisible = 0;
			defaultConfigurationName = Release;
		};
		6009EC7E178697B8006AF8B5 /* Build configuration list for PBXNativeTarget "ExpandTableDemo" */ = {
			isa = XCConfigurationList;
			buildConfigurations = (
				6009EC7F178697B8006AF8B5 /* Debug */,
				6009EC80178697B8006AF8B5 /* Release */,
			);
			defaultConfigurationIsVisible = 0;
		};
/* End XCConfigurationList section */
	};
	rootObject = 6009EC59178697B8006AF8B5 /* Project object */;
}
